
Microsoft Visual Studio Solution File, Format Version 12.00
# Visual Studio 14
VisualStudioVersion = 14.0.23107.0
MinimumVisualStudioVersion = 10.0.40219.1
Project("{FAE04EC0-301F-11D3-BF4B-00C04F79EFBC}") = "SimpleBank", "SimpleBank\SimpleBank.csproj", "{DA9105AC-C9E6-4C1C-9EDE-9AFB65C08070}"
EndProject
Project("{FAE04EC0-301F-11D3-BF4B-00C04F79EFBC}") = "WebServiceBank", "WebServiceBank\WebServiceBank.csproj", "{544FA518-9DBF-4B05-A6E6-B919564C4183}"
EndProject
Project("{FAE04EC0-301F-11D3-BF4B-00C04F79EFBC}") = "RabbitMQBank", "RabbitMQBank\RabbitMQBank.csproj", "{A0EA33B3-26CE-4160-A52B-79A464597E3A}"
EndProject
Project("{FAE04EC0-301F-11D3-BF4B-00C04F79EFBC}") = "RabbitMQBankTest", "RabbitMQBankTest\RabbitMQBankTest.csproj", "{8771F647-458A-484E-8854-947E314DFCFC}"
EndProject
Project("{FAE04EC0-301F-11D3-BF4B-00C04F79EFBC}") = "CreditScoreInterface", "CreditScoreInterface\CreditScoreInterface.csproj", "{6F281CFC-7CDA-45E9-8490-A763A87AC362}"
EndProject
Project("{FAE04EC0-301F-11D3-BF4B-00C04F79EFBC}") = "Dummy", "Dummy\Dummy.csproj", "{384B5307-DA85-4716-AC1C-6B9548551BED}"
EndProject
Project("{FAE04EC0-301F-11D3-BF4B-00C04F79EFBC}") = "LoanBroker", "LoanBroker\LoanBroker.csproj", "{3A28C3D7-DC4F-4E06-B4BD-BE4408BBC019}"
EndProject
Project("{FAE04EC0-301F-11D3-BF4B-00C04F79EFBC}") = "CreditScoreFetcher", "CreditScoreFetcher\CreditScoreFetcher.csproj", "{9C8A81EB-62A6-47AF-913B-C378EB89776C}"
EndProject
Project("{FAE04EC0-301F-11D3-BF4B-00C04F79EFBC}") = "Utility", "Utility\Utility.csproj", "{2F4585B1-779C-4093-86B8-290F69B93D6D}"
EndProject
Project("{FAE04EC0-301F-11D3-BF4B-00C04F79EFBC}") = "RuleBaseFetcher", "RuleBaseFetcher\RuleBaseFetcher.csproj", "{47BC8C5A-A201-484B-A952-EC18A7D321D0}"
EndProject
Project("{FAE04EC0-301F-11D3-BF4B-00C04F79EFBC}") = "RuleBaseService", "RuleBaseService\RuleBaseService.csproj", "{E27E5A5E-945F-40A4-970A-EC4D2BDCF4EB}"
EndProject
Project("{FAE04EC0-301F-11D3-BF4B-00C04F79EFBC}") = "RuleBaseWebServiceTest", "RuleBaseWebServiceTest\RuleBaseWebServiceTest.csproj", "{0A10B62A-9F51-474C-B446-9BBE7F368361}"
EndProject
Project("{FAE04EC0-301F-11D3-BF4B-00C04F79EFBC}") = "RecipientList", "RecipientList\RecipientList.csproj", "{B9C02BCF-23B0-472A-8F58-AAF87B90DC75}"
EndProject
Project("{FAE04EC0-301F-11D3-BF4B-00C04F79EFBC}") = "UniversalTranslator", "UniversalTranslator\UniversalTranslator.csproj", "{4FC1D2EA-3A0E-4808-AEFC-6BCD025DC879}"
	ProjectSection(ProjectDependencies) = postProject
		{544FA518-9DBF-4B05-A6E6-B919564C4183} = {544FA518-9DBF-4B05-A6E6-B919564C4183}
	EndProjectSection
EndProject
Global
	GlobalSection(SolutionConfigurationPlatforms) = preSolution
		Debug|Any CPU = Debug|Any CPU
		Release|Any CPU = Release|Any CPU
	EndGlobalSection
	GlobalSection(ProjectConfigurationPlatforms) = postSolution
		{DA9105AC-C9E6-4C1C-9EDE-9AFB65C08070}.Debug|Any CPU.ActiveCfg = Debug|Any CPU
		{DA9105AC-C9E6-4C1C-9EDE-9AFB65C08070}.Debug|Any CPU.Build.0 = Debug|Any CPU
		{DA9105AC-C9E6-4C1C-9EDE-9AFB65C08070}.Release|Any CPU.ActiveCfg = Release|Any CPU
		{DA9105AC-C9E6-4C1C-9EDE-9AFB65C08070}.Release|Any CPU.Build.0 = Release|Any CPU
		{544FA518-9DBF-4B05-A6E6-B919564C4183}.Debug|Any CPU.ActiveCfg = Debug|Any CPU
		{544FA518-9DBF-4B05-A6E6-B919564C4183}.Debug|Any CPU.Build.0 = Debug|Any CPU
		{544FA518-9DBF-4B05-A6E6-B919564C4183}.Release|Any CPU.ActiveCfg = Release|Any CPU
		{544FA518-9DBF-4B05-A6E6-B919564C4183}.Release|Any CPU.Build.0 = Release|Any CPU
		{A0EA33B3-26CE-4160-A52B-79A464597E3A}.Debug|Any CPU.ActiveCfg = Debug|Any CPU
		{A0EA33B3-26CE-4160-A52B-79A464597E3A}.Debug|Any CPU.Build.0 = Debug|Any CPU
		{A0EA33B3-26CE-4160-A52B-79A464597E3A}.Release|Any CPU.ActiveCfg = Release|Any CPU
		{A0EA33B3-26CE-4160-A52B-79A464597E3A}.Release|Any CPU.Build.0 = Release|Any CPU
		{8771F647-458A-484E-8854-947E314DFCFC}.Debug|Any CPU.ActiveCfg = Debug|Any CPU
		{8771F647-458A-484E-8854-947E314DFCFC}.Debug|Any CPU.Build.0 = Debug|Any CPU
		{8771F647-458A-484E-8854-947E314DFCFC}.Release|Any CPU.ActiveCfg = Release|Any CPU
		{8771F647-458A-484E-8854-947E314DFCFC}.Release|Any CPU.Build.0 = Release|Any CPU
		{6F281CFC-7CDA-45E9-8490-A763A87AC362}.Debug|Any CPU.ActiveCfg = Debug|Any CPU
		{6F281CFC-7CDA-45E9-8490-A763A87AC362}.Debug|Any CPU.Build.0 = Debug|Any CPU
		{6F281CFC-7CDA-45E9-8490-A763A87AC362}.Release|Any CPU.ActiveCfg = Release|Any CPU
		{6F281CFC-7CDA-45E9-8490-A763A87AC362}.Release|Any CPU.Build.0 = Release|Any CPU
		{384B5307-DA85-4716-AC1C-6B9548551BED}.Debug|Any CPU.ActiveCfg = Debug|Any CPU
		{384B5307-DA85-4716-AC1C-6B9548551BED}.Debug|Any CPU.Build.0 = Debug|Any CPU
		{384B5307-DA85-4716-AC1C-6B9548551BED}.Release|Any CPU.ActiveCfg = Release|Any CPU
		{384B5307-DA85-4716-AC1C-6B9548551BED}.Release|Any CPU.Build.0 = Release|Any CPU
		{3A28C3D7-DC4F-4E06-B4BD-BE4408BBC019}.Debug|Any CPU.ActiveCfg = Debug|Any CPU
		{3A28C3D7-DC4F-4E06-B4BD-BE4408BBC019}.Debug|Any CPU.Build.0 = Debug|Any CPU
		{3A28C3D7-DC4F-4E06-B4BD-BE4408BBC019}.Release|Any CPU.ActiveCfg = Release|Any CPU
		{3A28C3D7-DC4F-4E06-B4BD-BE4408BBC019}.Release|Any CPU.Build.0 = Release|Any CPU
		{9C8A81EB-62A6-47AF-913B-C378EB89776C}.Debug|Any CPU.ActiveCfg = Debug|Any CPU
		{9C8A81EB-62A6-47AF-913B-C378EB89776C}.Debug|Any CPU.Build.0 = Debug|Any CPU
		{9C8A81EB-62A6-47AF-913B-C378EB89776C}.Release|Any CPU.ActiveCfg = Release|Any CPU
		{9C8A81EB-62A6-47AF-913B-C378EB89776C}.Release|Any CPU.Build.0 = Release|Any CPU
		{2F4585B1-779C-4093-86B8-290F69B93D6D}.Debug|Any CPU.ActiveCfg = Debug|Any CPU
		{2F4585B1-779C-4093-86B8-290F69B93D6D}.Debug|Any CPU.Build.0 = Debug|Any CPU
		{2F4585B1-779C-4093-86B8-290F69B93D6D}.Release|Any CPU.ActiveCfg = Release|Any CPU
		{2F4585B1-779C-4093-86B8-290F69B93D6D}.Release|Any CPU.Build.0 = Release|Any CPU
		{47BC8C5A-A201-484B-A952-EC18A7D321D0}.Debug|Any CPU.ActiveCfg = Debug|Any CPU
		{47BC8C5A-A201-484B-A952-EC18A7D321D0}.Debug|Any CPU.Build.0 = Debug|Any CPU
		{47BC8C5A-A201-484B-A952-EC18A7D321D0}.Release|Any CPU.ActiveCfg = Release|Any CPU
		{47BC8C5A-A201-484B-A952-EC18A7D321D0}.Release|Any CPU.Build.0 = Release|Any CPU
		{E27E5A5E-945F-40A4-970A-EC4D2BDCF4EB}.Debug|Any CPU.ActiveCfg = Debug|Any CPU
		{E27E5A5E-945F-40A4-970A-EC4D2BDCF4EB}.Debug|Any CPU.Build.0 = Debug|Any CPU
		{E27E5A5E-945F-40A4-970A-EC4D2BDCF4EB}.Release|Any CPU.ActiveCfg = Release|Any CPU
		{E27E5A5E-945F-40A4-970A-EC4D2BDCF4EB}.Release|Any CPU.Build.0 = Release|Any CPU
		{0A10B62A-9F51-474C-B446-9BBE7F368361}.Debug|Any CPU.ActiveCfg = Debug|Any CPU
		{0A10B62A-9F51-474C-B446-9BBE7F368361}.Debug|Any CPU.Build.0 = Debug|Any CPU
		{0A10B62A-9F51-474C-B446-9BBE7F368361}.Release|Any CPU.ActiveCfg = Release|Any CPU
		{0A10B62A-9F51-474C-B446-9BBE7F368361}.Release|Any CPU.Build.0 = Release|Any CPU
		{B9C02BCF-23B0-472A-8F58-AAF87B90DC75}.Debug|Any CPU.ActiveCfg = Debug|Any CPU
		{B9C02BCF-23B0-472A-8F58-AAF87B90DC75}.Debug|Any CPU.Build.0 = Debug|Any CPU
		{B9C02BCF-23B0-472A-8F58-AAF87B90DC75}.Release|Any CPU.ActiveCfg = Release|Any CPU
		{B9C02BCF-23B0-472A-8F58-AAF87B90DC75}.Release|Any CPU.Build.0 = Release|Any CPU
		{4FC1D2EA-3A0E-4808-AEFC-6BCD025DC879}.Debug|Any CPU.ActiveCfg = Debug|Any CPU
		{4FC1D2EA-3A0E-4808-AEFC-6BCD025DC879}.Debug|Any CPU.Build.0 = Debug|Any CPU
		{4FC1D2EA-3A0E-4808-AEFC-6BCD025DC879}.Release|Any CPU.ActiveCfg = Release|Any CPU
		{4FC1D2EA-3A0E-4808-AEFC-6BCD025DC879}.Release|Any CPU.Build.0 = Release|Any CPU
	EndGlobalSection
	GlobalSection(SolutionProperties) = preSolution
		HideSolutionNode = FALSE
	EndGlobalSection
EndGlobal
